
Microsoft Visual Studio Solution File, Format Version 12.00
# Visual Studio Version 16
VisualStudioVersion = 16.0.32106.194
MinimumVisualStudioVersion = 10.0.40219.1
Project("{FAE04EC0-301F-11D3-BF4B-00C04F79EFBC}") = "Tech Assignment 3", "Tech Assignment 3.csproj", "{D5CECC6C-5070-4010-885F-5A081E06C783}"
EndProject
Global
	GlobalSection(SolutionConfigurationPlatforms) = preSolution
		Debug|Any CPU = Debug|Any CPU
		Release|Any CPU = Release|Any CPU
	EndGlobalSection
	GlobalSection(ProjectConfigurationPlatforms) = postSolution
		{D5CECC6C-5070-4010-885F-5A081E06C783}.Debug|Any CPU.ActiveCfg = Debug|Any CPU
		{D5CECC6C-5070-4010-885F-5A081E06C783}.Debug|Any CPU.Build.0 = Debug|Any CPU
		{D5CECC6C-5070-4010-885F-5A081E06C783}.Release|Any CPU.ActiveCfg = Release|Any CPU
		{D5CECC6C-5070-4010-885F-5A081E06C783}.Release|Any CPU.Build.0 = Release|Any CPU
	EndGlobalSection
	GlobalSection(SolutionProperties) = preSolution
		HideSolutionNode = FALSE
	EndGlobalSection
	GlobalSection(ExtensibilityGlobals) = postSolution
		SolutionGuid = {22654412-2D4A-406C-BD66-93E19834E462}
	EndGlobalSection
EndGlobal
